{
  "name": "open-marcus-stt",
  "lockfileVersion": 3,
  "requires": true,
  "packages": {
    "": {
      "name": "open-marcus-stt",
      "dependencies": {
        "sherpa-onnx-node": "^1.12.28"
      }
    },
    "node_modules/sherpa-onnx-darwin-arm64": {
      "version": "1.12.35",
      "resolved": "https://registry.npmjs.org/sherpa-onnx-darwin-arm64/-/sherpa-onnx-darwin-arm64-1.12.35.tgz",
      "integrity": "sha512-WGIABo3ruBXE/7FhAdaVNuM+ZKx0B7jkA+jT22k5TxUcw58nWzgkY6k+CPdM14lfaaXR+jPWdDrM4gXl/bP4RQ==",
      "cpu": [
        "arm64"
      ],
      "license": "Apache-2.0",
      "optional": true,
      "os": [
        "darwin"
      ]
    },
    "node_modules/sherpa-onnx-darwin-x64": {
      "version": "1.12.35",
      "resolved": "https://registry.npmjs.org/sherpa-onnx-darwin-x64/-/sherpa-onnx-darwin-x64-1.12.35.tgz",
      "integrity": "sha512-hzWQm4CJhGyf3N9Sd1Oobcdz49FauuSCmhrm5vRqydyNsANjs89wATHAuatPAtinpBkgEqacDPrGz+1A/BWpNA==",
      "cpu": [
        "x64"
      ],
      "license": "Apache-2.0",
      "optional": true,
      "os": [
        "darwin"
      ]
    },
    "node_modules/sherpa-onnx-linux-arm64": {
      "version": "1.12.35",
      "resolved": "https://registry.npmjs.org/sherpa-onnx-linux-arm64/-/sherpa-onnx-linux-arm64-1.12.35.tgz",
      "integrity": "sha512-9glJ+dRv/rFWz/61tiKfaR9Gj+8B6sXi7NBgwBAnO/+ygu/WAjBfQRz2+S0YIy1dxqu7ng246TBNnx1M2XaNXA==",
      "cpu": [
        "arm64"
      ],
      "license": "Apache-2.0",
      "optional": true,
      "os": [
        "linux"
      ]
    },
    "node_modules/sherpa-onnx-linux-x64": {
      "version": "1.12.35",
      "resolved": "https://registry.npmjs.org/sherpa-onnx-linux-x64/-/sherpa-onnx-linux-x64-1.12.35.tgz",
      "integrity": "sha512-h+v4Yed8T+k1qLlKX2LTGoXP/11ycz7jbqC2f80kDWgz9J8m46mOBa/H20wVkLyQPy1vG1O5iH5Fe5Wh4QlLhw==",
      "cpu": [
        "x64"
      ],
      "license": "Apache-2.0",
      "optional": true,
      "os": [
        "linux"
      ]
    },
    "node_modules/sherpa-onnx-node": {
      "version": "1.12.35",
      "resolved": "https://registry.npmjs.org/sherpa-onnx-node/-/sherpa-onnx-node-1.12.35.tgz",
      "integrity": "sha512-RHCgV+9fos/ZxP0MsIL7JPU9K3YHnIDmwtX674ChQZY6DLVaIQaju+J3hDqzRu1R3agnDg9WDf01zsT46NC7SQ==",
      "license": "Apache-2.0",
      "optionalDependencies": {
        "sherpa-onnx-darwin-arm64": "^1.12.35",
        "sherpa-onnx-darwin-x64": "^1.12.35",
        "sherpa-onnx-linux-arm64": "^1.12.35",
        "sherpa-onnx-linux-x64": "^1.12.35",
        "sherpa-onnx-win-ia32": "^1.12.35",
        "sherpa-onnx-win-x64": "^1.12.35"
      }
    },
    "node_modules/sherpa-onnx-win-ia32": {
      "version": "1.12.35",
      "resolved": "https://registry.npmjs.org/sherpa-onnx-win-ia32/-/sherpa-onnx-win-ia32-1.12.35.tgz",
      "integrity": "sha512-6H6BSdXXWtz92AuvOmr4w/QvCofxXbfbNKT7jCxdE7Nd4AvinLJxT02vbnL6T54vuXd9chu0QvQrDl1tuRphAA==",
      "cpu": [
        "ia32"
      ],
      "license": "Apache-2.0",
      "optional": true,
      "os": [
        "win32"
      ]
    },
    "node_modules/sherpa-onnx-win-x64": {
      "version": "1.12.35",
      "resolved": "https://registry.npmjs.org/sherpa-onnx-win-x64/-/sherpa-onnx-win-x64-1.12.35.tgz",
      "integrity": "sha512-+GLrxwaEvpJAO0KZgKulfd4qUR089MD+TjE5jVSugMTq4Eh/R/TpPPqYQGibRZVPHW7Se1ABfHGapZQoFMHH5Q==",
      "cpu": [
        "x64"
      ],
      "license": "Apache-2.0",
      "optional": true,
      "os": [
        "win32"
      ]
    }
  }
}
